
Microsoft Visual Studio Solution File, Format Version 12.00
# Visual Studio 16
Project("{FAE04EC0-301F-11D3-BF4B-00C04F79EFBC}") = "Assembly-CSharp", "Assembly-CSharp.csproj", "{BAB73C67-5AD0-C4E0-FAF5-5B180652DAC4}"
EndProject
Project("{FAE04EC0-301F-11D3-BF4B-00C04F79EFBC}") = "Assembly-CSharp-Editor", "Assembly-CSharp-Editor.csproj", "{5A760AC6-992D-8A98-D99E-3522263EA2D2}"
EndProject
Global
	GlobalSection(SolutionConfigurationPlatforms) = preSolution
		Debug|Any CPU = Debug|Any CPU
		Release|Any CPU = Release|Any CPU
	EndGlobalSection
	GlobalSection(ProjectConfigurationPlatforms) = postSolution
		{BAB73C67-5AD0-C4E0-FAF5-5B180652DAC4}.Debug|Any CPU.ActiveCfg = Debug|Any CPU
		{BAB73C67-5AD0-C4E0-FAF5-5B180652DAC4}.Debug|Any CPU.Build.0 = Debug|Any CPU
		{BAB73C67-5AD0-C4E0-FAF5-5B180652DAC4}.Release|Any CPU.ActiveCfg = Release|Any CPU
		{BAB73C67-5AD0-C4E0-FAF5-5B180652DAC4}.Release|Any CPU.Build.0 = Release|Any CPU
		{5A760AC6-992D-8A98-D99E-3522263EA2D2}.Debug|Any CPU.ActiveCfg = Debug|Any CPU
		{5A760AC6-992D-8A98-D99E-3522263EA2D2}.Debug|Any CPU.Build.0 = Debug|Any CPU
		{5A760AC6-992D-8A98-D99E-3522263EA2D2}.Release|Any CPU.ActiveCfg = Release|Any CPU
		{5A760AC6-992D-8A98-D99E-3522263EA2D2}.Release|Any CPU.Build.0 = Release|Any CPU
	EndGlobalSection
	GlobalSection(SolutionProperties) = preSolution
		HideSolutionNode = FALSE
	EndGlobalSection
EndGlobal
